
Microsoft Visual Studio Solution File, Format Version 12.00
# Visual Studio Version 17
VisualStudioVersion = 17.0.31903.59
MinimumVisualStudioVersion = 10.0.40219.1
Project("{F2A71F9B-5D33-465A-A702-920D77279786}") = "IRC", "IRC\IRC.fsproj", "{4181077D-5D27-4C73-910D-E23465DB9BA0}"
EndProject
Project("{F2A71F9B-5D33-465A-A702-920D77279786}") = "IRC.Test", "IRC.Test\IRC.Test.fsproj", "{3C79FB50-AF1C-47EA-8C66-07C55B889631}"
EndProject
Global
	GlobalSection(SolutionConfigurationPlatforms) = preSolution
		Debug|Any CPU = Debug|Any CPU
		Release|Any CPU = Release|Any CPU
	EndGlobalSection
	GlobalSection(SolutionProperties) = preSolution
		HideSolutionNode = FALSE
	EndGlobalSection
	GlobalSection(ProjectConfigurationPlatforms) = postSolution
		{4181077D-5D27-4C73-910D-E23465DB9BA0}.Debug|Any CPU.ActiveCfg = Debug|Any CPU
		{4181077D-5D27-4C73-910D-E23465DB9BA0}.Debug|Any CPU.Build.0 = Debug|Any CPU
		{4181077D-5D27-4C73-910D-E23465DB9BA0}.Release|Any CPU.ActiveCfg = Release|Any CPU
		{4181077D-5D27-4C73-910D-E23465DB9BA0}.Release|Any CPU.Build.0 = Release|Any CPU
		{3C79FB50-AF1C-47EA-8C66-07C55B889631}.Debug|Any CPU.ActiveCfg = Debug|Any CPU
		{3C79FB50-AF1C-47EA-8C66-07C55B889631}.Debug|Any CPU.Build.0 = Debug|Any CPU
		{3C79FB50-AF1C-47EA-8C66-07C55B889631}.Release|Any CPU.ActiveCfg = Release|Any CPU
		{3C79FB50-AF1C-47EA-8C66-07C55B889631}.Release|Any CPU.Build.0 = Release|Any CPU
	EndGlobalSection
EndGlobal
